
Microsoft Visual Studio Solution File, Format Version 12.00
# Visual Studio Version 17
<<<<<<< HEAD
VisualStudioVersion = 17.13.35919.96
=======
VisualStudioVersion = 17.13.35919.96 d17.13
>>>>>>> da8351745ca68f32a6aa73fcbee89ac2cf289210
MinimumVisualStudioVersion = 10.0.40219.1
Project("{8BC9CEB8-8B4A-11D0-8D11-00A0C91BC942}") = "Parcel_Distribution", "Parcel_Distribution.vcxproj", "{95755AA8-B8E3-4D3F-ABED-D9BC6054193B}"
EndProject
Global
	GlobalSection(SolutionConfigurationPlatforms) = preSolution
		Debug|x64 = Debug|x64
		Debug|x86 = Debug|x86
		Release|x64 = Release|x64
		Release|x86 = Release|x86
	EndGlobalSection
	GlobalSection(ProjectConfigurationPlatforms) = postSolution
		{95755AA8-B8E3-4D3F-ABED-D9BC6054193B}.Debug|x64.ActiveCfg = Debug|x64
		{95755AA8-B8E3-4D3F-ABED-D9BC6054193B}.Debug|x64.Build.0 = Debug|x64
		{95755AA8-B8E3-4D3F-ABED-D9BC6054193B}.Debug|x86.ActiveCfg = Debug|Win32
		{95755AA8-B8E3-4D3F-ABED-D9BC6054193B}.Debug|x86.Build.0 = Debug|Win32
		{95755AA8-B8E3-4D3F-ABED-D9BC6054193B}.Release|x64.ActiveCfg = Release|x64
		{95755AA8-B8E3-4D3F-ABED-D9BC6054193B}.Release|x64.Build.0 = Release|x64
		{95755AA8-B8E3-4D3F-ABED-D9BC6054193B}.Release|x86.ActiveCfg = Release|Win32
		{95755AA8-B8E3-4D3F-ABED-D9BC6054193B}.Release|x86.Build.0 = Release|Win32
	EndGlobalSection
	GlobalSection(SolutionProperties) = preSolution
		HideSolutionNode = FALSE
	EndGlobalSection
	GlobalSection(ExtensibilityGlobals) = postSolution
		SolutionGuid = {A5441F47-AD03-4A08-B4CB-EA4B1C03B7DA}
	EndGlobalSection
EndGlobal
